
Microsoft Visual Studio Solution File, Format Version 12.00
# Visual Studio 2012
Project("{FAE04EC0-301F-11D3-BF4B-00C04F79EFBC}") = "HelpDesk.Domain", "HelpDesk.Domain\HelpDesk.Domain.csproj", "{AE8AB2BE-43B4-413F-9C28-175D1033900C}"
EndProject
Project("{FAE04EC0-301F-11D3-BF4B-00C04F79EFBC}") = "HelpDesk.Web.Client", "TicketDesk.Web.Client\HelpDesk.Web.Client.csproj", "{DD96F42D-912F-4CE8-8B0D-191D410BF379}"
EndProject
Global
	GlobalSection(SolutionConfigurationPlatforms) = preSolution
		Debug|Any CPU = Debug|Any CPU
		Release|Any CPU = Release|Any CPU
	EndGlobalSection
	GlobalSection(ProjectConfigurationPlatforms) = postSolution
		{AE8AB2BE-43B4-413F-9C28-175D1033900C}.Debug|Any CPU.ActiveCfg = Debug|Any CPU
		{AE8AB2BE-43B4-413F-9C28-175D1033900C}.Debug|Any CPU.Build.0 = Debug|Any CPU
		{AE8AB2BE-43B4-413F-9C28-175D1033900C}.Release|Any CPU.ActiveCfg = Release|Any CPU
		{AE8AB2BE-43B4-413F-9C28-175D1033900C}.Release|Any CPU.Build.0 = Release|Any CPU
		{DD96F42D-912F-4CE8-8B0D-191D410BF379}.Debug|Any CPU.ActiveCfg = Debug|Any CPU
		{DD96F42D-912F-4CE8-8B0D-191D410BF379}.Debug|Any CPU.Build.0 = Debug|Any CPU
		{DD96F42D-912F-4CE8-8B0D-191D410BF379}.Release|Any CPU.ActiveCfg = Release|Any CPU
		{DD96F42D-912F-4CE8-8B0D-191D410BF379}.Release|Any CPU.Build.0 = Release|Any CPU
	EndGlobalSection
	GlobalSection(SolutionProperties) = preSolution
		HideSolutionNode = FALSE
	EndGlobalSection
EndGlobal
